{
  "name": "driver-app",
  "version": "1.0.0",
  "lockfileVersion": 3,
  "requires": true,
  "packages": {
    "": {
      "name": "driver-app",
      "version": "1.0.0",
      "license": "ISC",
      "dependencies": {
        "@rails/actioncable": "^8.0.300"
      }
    },
    "node_modules/@rails/actioncable": {
      "version": "8.0.300",
      "resolved": "https://registry.npmjs.org/@rails/actioncable/-/actioncable-8.0.300.tgz",
      "integrity": "sha512-X+jxLnyYciTciEeM9crFFsR6DCodCsnoQIzv4hEST6Lx1rEBEjNQbBopnyDT4gr7lBeHJNfb6fEcvZuWFxUSQg==",
      "license": "MIT"
    }
  }
}
